// !$*UTF8*$!
{
	archiveVersion = 1;
	classes = {
	};
	objectVersion = 56;
	objects = {

/* Begin PBXBuildFile section */
		05F6727E2C1846FF00ED9D93 /* main.swift in Sources */ = {isa = PBXBuildFile; fileRef = 05F6727D2C1846FF00ED9D93 /* main.swift */; };
/* End PBXBuildFile section */

/* Begin PBXCopyFilesBuildPhase section */
		05C8C9492B45AB0C008C2CCA /* CopyFiles */ = {
			isa = PBXCopyFilesBuildPhase;
			buildActionMask = 2147483647;
			dstPath = /usr/share/man/man1/;
			dstSubfolderSpec = 0;
			files = (
			);
			runOnlyForDeploymentPostprocessing = 1;
		};
/* End PBXCopyFilesBuildPhase section */

/* Begin PBXFileReference section */
		05C8C94B2B45AB0C008C2CCA /* Programmers */ = {isa = PBXFileReference; explicitFileType = "compiled.mach-o.executable"; includeInIndex = 0; path = Programmers; sourceTree = BUILT_PRODUCTS_DIR; };
		05F6727D2C1846FF00ED9D93 /* main.swift */ = {isa = PBXFileReference; lastKnownFileType = sourcecode.swift; path = main.swift; sourceTree = "<group>"; };
		05F672802C18470B00ED9D93 /* 수 조작하기 1.swift */ = {isa = PBXFileReference; lastKnownFileType = sourcecode.swift; path = "수 조작하기 1.swift"; sourceTree = "<group>"; };
		05F672812C18470B00ED9D93 /* 홀짝 구분하기.swift */ = {isa = PBXFileReference; lastKnownFileType = sourcecode.swift; path = "홀짝 구분하기.swift"; sourceTree = "<group>"; };
		05F672822C18470B00ED9D93 /* 조건 문자열.swift */ = {isa = PBXFileReference; lastKnownFileType = sourcecode.swift; path = "조건 문자열.swift"; sourceTree = "<group>"; };
		05F672832C18470B00ED9D93 /* 수 조작하기 2.swift */ = {isa = PBXFileReference; lastKnownFileType = sourcecode.swift; path = "수 조작하기 2.swift"; sourceTree = "<group>"; };
		05F672842C18470B00ED9D93 /* 이어 붙인 수.swift */ = {isa = PBXFileReference; lastKnownFileType = sourcecode.swift; path = "이어 붙인 수.swift"; sourceTree = "<group>"; };
		05F672852C18470B00ED9D93 /* 원소들의 곱과 합.swift */ = {isa = PBXFileReference; lastKnownFileType = sourcecode.swift; path = "원소들의 곱과 합.swift"; sourceTree = "<group>"; };
		05F672862C18470B00ED9D93 /* 대소문자 바꿔서 출력하기.swift */ = {isa = PBXFileReference; lastKnownFileType = sourcecode.swift; path = "대소문자 바꿔서 출력하기.swift"; sourceTree = "<group>"; };
		05F672872C18470B00ED9D93 /* 주사위 게임 2.swift */ = {isa = PBXFileReference; lastKnownFileType = sourcecode.swift; path = "주사위 게임 2.swift"; sourceTree = "<group>"; };
		05F672882C18470B00ED9D93 /* 문자열 곱하기.swift */ = {isa = PBXFileReference; lastKnownFileType = sourcecode.swift; path = "문자열 곱하기.swift"; sourceTree = "<group>"; };
		05F672892C18470B00ED9D93 /* 올바른 괄호.swift */ = {isa = PBXFileReference; lastKnownFileType = sourcecode.swift; path = "올바른 괄호.swift"; sourceTree = "<group>"; };
		05F6728A2C18470B00ED9D93 /* 문자열 겹쳐쓰기.swift */ = {isa = PBXFileReference; lastKnownFileType = sourcecode.swift; path = "문자열 겹쳐쓰기.swift"; sourceTree = "<group>"; };
		05F6728B2C18470B00ED9D93 /* 기능개발.swift */ = {isa = PBXFileReference; lastKnownFileType = sourcecode.swift; path = "기능개발.swift"; sourceTree = "<group>"; };
		05F6728C2C18470B00ED9D93 /* 문자열 섞기.swift */ = {isa = PBXFileReference; lastKnownFileType = sourcecode.swift; path = "문자열 섞기.swift"; sourceTree = "<group>"; };
		05F6728D2C18470B00ED9D93 /* 코드 처리하기.swift */ = {isa = PBXFileReference; lastKnownFileType = sourcecode.swift; path = "코드 처리하기.swift"; sourceTree = "<group>"; };
		05F6728E2C18470B00ED9D93 /* 수열과 구간 쿼리 3.swift */ = {isa = PBXFileReference; lastKnownFileType = sourcecode.swift; path = "수열과 구간 쿼리 3.swift"; sourceTree = "<group>"; };
/* End PBXFileReference section */

/* Begin PBXFrameworksBuildPhase section */
		05C8C9482B45AB0C008C2CCA /* Frameworks */ = {
			isa = PBXFrameworksBuildPhase;
			buildActionMask = 2147483647;
			files = (
			);
			runOnlyForDeploymentPostprocessing = 0;
		};
/* End PBXFrameworksBuildPhase section */

/* Begin PBXGroup section */
		05C8C9422B45AB0C008C2CCA = {
			isa = PBXGroup;
			children = (
				05C8C94D2B45AB0C008C2CCA /* Programmers */,
				05F6727F2C18470B00ED9D93 /* Solved */,
				05C8C94C2B45AB0C008C2CCA /* Products */,
			);
			sourceTree = "<group>";
		};
		05C8C94C2B45AB0C008C2CCA /* Products */ = {
			isa = PBXGroup;
			children = (
				05C8C94B2B45AB0C008C2CCA /* Programmers */,
			);
			name = Products;
			sourceTree = "<group>";
		};
		05C8C94D2B45AB0C008C2CCA /* Programmers */ = {
			isa = PBXGroup;
			children = (
				05F6727D2C1846FF00ED9D93 /* main.swift */,
			);
			path = Programmers;
			sourceTree = "<group>";
		};
		05F6727F2C18470B00ED9D93 /* Solved */ = {
			isa = PBXGroup;
			children = (
				05F672802C18470B00ED9D93 /* 수 조작하기 1.swift */,
				05F672812C18470B00ED9D93 /* 홀짝 구분하기.swift */,
				05F672822C18470B00ED9D93 /* 조건 문자열.swift */,
				05F672832C18470B00ED9D93 /* 수 조작하기 2.swift */,
				05F672842C18470B00ED9D93 /* 이어 붙인 수.swift */,
				05F672852C18470B00ED9D93 /* 원소들의 곱과 합.swift */,
				05F672862C18470B00ED9D93 /* 대소문자 바꿔서 출력하기.swift */,
				05F672872C18470B00ED9D93 /* 주사위 게임 2.swift */,
				05F672882C18470B00ED9D93 /* 문자열 곱하기.swift */,
				05F672892C18470B00ED9D93 /* 올바른 괄호.swift */,
				05F6728A2C18470B00ED9D93 /* 문자열 겹쳐쓰기.swift */,
				05F6728B2C18470B00ED9D93 /* 기능개발.swift */,
				05F6728C2C18470B00ED9D93 /* 문자열 섞기.swift */,
				05F6728D2C18470B00ED9D93 /* 코드 처리하기.swift */,
				05F6728E2C18470B00ED9D93 /* 수열과 구간 쿼리 3.swift */,
			);
			path = Solved;
			sourceTree = "<group>";
		};
/* End PBXGroup section */

/* Begin PBXNativeTarget section */
		05C8C94A2B45AB0C008C2CCA /* Programmers */ = {
			isa = PBXNativeTarget;
			buildConfigurationList = 05C8C9522B45AB0C008C2CCA /* Build configuration list for PBXNativeTarget "Programmers" */;
			buildPhases = (
				05C8C9472B45AB0C008C2CCA /* Sources */,
				05C8C9482B45AB0C008C2CCA /* Frameworks */,
				05C8C9492B45AB0C008C2CCA /* CopyFiles */,
			);
			buildRules = (
			);
			dependencies = (
			);
			name = Programmers;
			productName = Programmers;
			productReference = 05C8C94B2B45AB0C008C2CCA /* Programmers */;
			productType = "com.apple.product-type.tool";
		};
/* End PBXNativeTarget section */

/* Begin PBXProject section */
		05C8C9432B45AB0C008C2CCA /* Project object */ = {
			isa = PBXProject;
			attributes = {
				BuildIndependentTargetsInParallel = 1;
				LastSwiftUpdateCheck = 1510;
				LastUpgradeCheck = 1510;
				TargetAttributes = {
					05C8C94A2B45AB0C008C2CCA = {
						CreatedOnToolsVersion = 15.1;
						LastSwiftMigration = 1520;
					};
				};
			};
			buildConfigurationList = 05C8C9462B45AB0C008C2CCA /* Build configuration list for PBXProject "Programmers" */;
			compatibilityVersion = "Xcode 14.0";
			developmentRegion = en;
			hasScannedForEncodings = 0;
			knownRegions = (
				en,
				Base,
			);
			mainGroup = 05C8C9422B45AB0C008C2CCA;
			productRefGroup = 05C8C94C2B45AB0C008C2CCA /* Products */;
			projectDirPath = "";
			projectRoot = "";
			targets = (
				05C8C94A2B45AB0C008C2CCA /* Programmers */,
			);
		};
/* End PBXProject section */

/* Begin PBXSourcesBuildPhase section */
		05C8C9472B45AB0C008C2CCA /* Sources */ = {
			isa = PBXSourcesBuildPhase;
			buildActionMask = 2147483647;
			files = (
				05F6727E2C1846FF00ED9D93 /* main.swift in Sources */,
			);
			runOnlyForDeploymentPostprocessing = 0;
		};
/* End PBXSourcesBuildPhase section */

/* Begin XCBuildConfiguration section */
		05C8C9502B45AB0C008C2CCA /* Debug */ = {
			isa = XCBuildConfiguration;
			buildSettings = {
				ALWAYS_SEARCH_USER_PATHS = NO;
				ASSETCATALOG_COMPILER_GENERATE_SWIFT_ASSET_SYMBOL_EXTENSIONS = YES;
				CLANG_ANALYZER_NONNULL = YES;
				CLANG_ANALYZER_NUMBER_OBJECT_CONVERSION = YES_AGGRESSIVE;
				CLANG_CXX_LANGUAGE_STANDARD = "gnu++20";
				CLANG_ENABLE_MODULES = YES;
				CLANG_ENABLE_OBJC_ARC = YES;
				CLANG_ENABLE_OBJC_WEAK = YES;
				CLANG_WARN_BLOCK_CAPTURE_AUTORELEASING = YES;
				CLANG_WARN_BOOL_CONVERSION = YES;
				CLANG_WARN_COMMA = YES;
				CLANG_WARN_CONSTANT_CONVERSION = YES;
				CLANG_WARN_DEPRECATED_OBJC_IMPLEMENTATIONS = YES;
				CLANG_WARN_DIRECT_OBJC_ISA_USAGE = YES_ERROR;
				CLANG_WARN_DOCUMENTATION_COMMENTS = YES;
				CLANG_WARN_EMPTY_BODY = YES;
				CLANG_WARN_ENUM_CONVERSION = YES;
				CLANG_WARN_INFINITE_RECURSION = YES;
				CLANG_WARN_INT_CONVERSION = YES;
				CLANG_WARN_NON_LITERAL_NULL_CONVERSION = YES;
				CLANG_WARN_OBJC_IMPLICIT_RETAIN_SELF = YES;
				CLANG_WARN_OBJC_LITERAL_CONVERSION = YES;
				CLANG_WARN_OBJC_ROOT_CLASS = YES_ERROR;
				CLANG_WARN_QUOTED_INCLUDE_IN_FRAMEWORK_HEADER = YES;
				CLANG_WARN_RANGE_LOOP_ANALYSIS = YES;
				CLANG_WARN_STRICT_PROTOTYPES = YES;
				CLANG_WARN_SUSPICIOUS_MOVE = YES;
				CLANG_WARN_UNGUARDED_AVAILABILITY = YES_AGGRESSIVE;
				CLANG_WARN_UNREACHABLE_CODE = YES;
				CLANG_WARN__DUPLICATE_METHOD_MATCH = YES;
				COPY_PHASE_STRIP = NO;
				DEBUG_INFORMATION_FORMAT = dwarf;
				ENABLE_STRICT_OBJC_MSGSEND = YES;
				ENABLE_TESTABILITY = YES;
				ENABLE_USER_SCRIPT_SANDBOXING = YES;
				GCC_C_LANGUAGE_STANDARD = gnu17;
				GCC_DYNAMIC_NO_PIC = NO;
				GCC_NO_COMMON_BLOCKS = YES;
				GCC_OPTIMIZATION_LEVEL = 0;
				GCC_PREPROCESSOR_DEFINITIONS = (
					"DEBUG=1",
					"$(inherited)",
				);
				GCC_WARN_64_TO_32_BIT_CONVERSION = YES;
				GCC_WARN_ABOUT_RETURN_TYPE = YES_ERROR;
				GCC_WARN_UNDECLARED_SELECTOR = YES;
				GCC_WARN_UNINITIALIZED_AUTOS = YES_AGGRESSIVE;
				GCC_WARN_UNUSED_FUNCTION = YES;
				GCC_WARN_UNUSED_VARIABLE = YES;
				LOCALIZATION_PREFERS_STRING_CATALOGS = YES;
				MACOSX_DEPLOYMENT_TARGET = 14.2;
				MTL_ENABLE_DEBUG_INFO = INCLUDE_SOURCE;
				MTL_FAST_MATH = YES;
				ONLY_ACTIVE_ARCH = YES;
				SDKROOT = macosx;
				SWIFT_ACTIVE_COMPILATION_CONDITIONS = "DEBUG $(inherited)";
				SWIFT_OPTIMIZATION_LEVEL = "-Onone";
			};
			name = Debug;
		};
		05C8C9512B45AB0C008C2CCA /* Release */ = {
			isa = XCBuildConfiguration;
			buildSettings = {
				ALWAYS_SEARCH_USER_PATHS = NO;
				ASSETCATALOG_COMPILER_GENERATE_SWIFT_ASSET_SYMBOL_EXTENSIONS = YES;
				CLANG_ANALYZER_NONNULL = YES;
				CLANG_ANALYZER_NUMBER_OBJECT_CONVERSION = YES_AGGRESSIVE;
				CLANG_CXX_LANGUAGE_STANDARD = "gnu++20";
				CLANG_ENABLE_MODULES = YES;
				CLANG_ENABLE_OBJC_ARC = YES;
				CLANG_ENABLE_OBJC_WEAK = YES;
				CLANG_WARN_BLOCK_CAPTURE_AUTORELEASING = YES;
				CLANG_WARN_BOOL_CONVERSION = YES;
				CLANG_WARN_COMMA = YES;
				CLANG_WARN_CONSTANT_CONVERSION = YES;
				CLANG_WARN_DEPRECATED_OBJC_IMPLEMENTATIONS = YES;
				CLANG_WARN_DIRECT_OBJC_ISA_USAGE = YES_ERROR;
				CLANG_WARN_DOCUMENTATION_COMMENTS = YES;
				CLANG_WARN_EMPTY_BODY = YES;
				CLANG_WARN_ENUM_CONVERSION = YES;
				CLANG_WARN_INFINITE_RECURSION = YES;
				CLANG_WARN_INT_CONVERSION = YES;
				CLANG_WARN_NON_LITERAL_NULL_CONVERSION = YES;
				CLANG_WARN_OBJC_IMPLICIT_RETAIN_SELF = YES;
				CLANG_WARN_OBJC_LITERAL_CONVERSION = YES;
				CLANG_WARN_OBJC_ROOT_CLASS = YES_ERROR;
				CLANG_WARN_QUOTED_INCLUDE_IN_FRAMEWORK_HEADER = YES;
				CLANG_WARN_RANGE_LOOP_ANALYSIS = YES;
				CLANG_WARN_STRICT_PROTOTYPES = YES;
				CLANG_WARN_SUSPICIOUS_MOVE = YES;
				CLANG_WARN_UNGUARDED_AVAILABILITY = YES_AGGRESSIVE;
				CLANG_WARN_UNREACHABLE_CODE = YES;
				CLANG_WARN__DUPLICATE_METHOD_MATCH = YES;
				COPY_PHASE_STRIP = NO;
				DEBUG_INFORMATION_FORMAT = "dwarf-with-dsym";
				ENABLE_NS_ASSERTIONS = NO;
				ENABLE_STRICT_OBJC_MSGSEND = YES;
				ENABLE_USER_SCRIPT_SANDBOXING = YES;
				GCC_C_LANGUAGE_STANDARD = gnu17;
				GCC_NO_COMMON_BLOCKS = YES;
				GCC_WARN_64_TO_32_BIT_CONVERSION = YES;
				GCC_WARN_ABOUT_RETURN_TYPE = YES_ERROR;
				GCC_WARN_UNDECLARED_SELECTOR = YES;
				GCC_WARN_UNINITIALIZED_AUTOS = YES_AGGRESSIVE;
				GCC_WARN_UNUSED_FUNCTION = YES;
				GCC_WARN_UNUSED_VARIABLE = YES;
				LOCALIZATION_PREFERS_STRING_CATALOGS = YES;
				MACOSX_DEPLOYMENT_TARGET = 14.2;
				MTL_ENABLE_DEBUG_INFO = NO;
				MTL_FAST_MATH = YES;
				SDKROOT = macosx;
				SWIFT_COMPILATION_MODE = wholemodule;
			};
			name = Release;
		};
		05C8C9532B45AB0C008C2CCA /* Debug */ = {
			isa = XCBuildConfiguration;
			buildSettings = {
				CLANG_ENABLE_MODULES = YES;
				CODE_SIGN_STYLE = Automatic;
				DEVELOPMENT_TEAM = 9JZYRP3D46;
				ENABLE_HARDENED_RUNTIME = YES;
				PRODUCT_NAME = "$(TARGET_NAME)";
				SWIFT_OPTIMIZATION_LEVEL = "-Onone";
				SWIFT_VERSION = 5.0;
			};
			name = Debug;
		};
		05C8C9542B45AB0C008C2CCA /* Release */ = {
			isa = XCBuildConfiguration;
			buildSettings = {
				CLANG_ENABLE_MODULES = YES;
				CODE_SIGN_STYLE = Automatic;
				DEVELOPMENT_TEAM = 9JZYRP3D46;
				ENABLE_HARDENED_RUNTIME = YES;
				PRODUCT_NAME = "$(TARGET_NAME)";
				SWIFT_VERSION = 5.0;
			};
			name = Release;
		};
/* End XCBuildConfiguration section */

/* Begin XCConfigurationList section */
		05C8C9462B45AB0C008C2CCA /* Build configuration list for PBXProject "Programmers" */ = {
			isa = XCConfigurationList;
			buildConfigurations = (
				05C8C9502B45AB0C008C2CCA /* Debug */,
				05C8C9512B45AB0C008C2CCA /* Release */,
			);
			defaultConfigurationIsVisible = 0;
			defaultConfigurationName = Release;
		};
		05C8C9522B45AB0C008C2CCA /* Build configuration list for PBXNativeTarget "Programmers" */ = {
			isa = XCConfigurationList;
			buildConfigurations = (
				05C8C9532B45AB0C008C2CCA /* Debug */,
				05C8C9542B45AB0C008C2CCA /* Release */,
			);
			defaultConfigurationIsVisible = 0;
			defaultConfigurationName = Release;
		};
/* End XCConfigurationList section */
	};
	rootObject = 05C8C9432B45AB0C008C2CCA /* Project object */;
}
